
Microsoft Visual Studio Solution File, Format Version 12.00
# Visual Studio Version 16
VisualStudioVersion = 16.0.28922.388
MinimumVisualStudioVersion = 10.0.40219.1
Project("{9A19103F-16F7-4668-BE54-9A1E7A4F7556}") = "simulated-device", "simulated-device.csproj", "{B8206750-CF41-4967-95CD-708B0D9E67A8}"
EndProject
Global
	GlobalSection(SolutionConfigurationPlatforms) = preSolution
		Debug|Any CPU = Debug|Any CPU
		Release|Any CPU = Release|Any CPU
	EndGlobalSection
	GlobalSection(ProjectConfigurationPlatforms) = postSolution
		{B8206750-CF41-4967-95CD-708B0D9E67A8}.Debug|Any CPU.ActiveCfg = Debug|Any CPU
		{B8206750-CF41-4967-95CD-708B0D9E67A8}.Debug|Any CPU.Build.0 = Debug|Any CPU
		{B8206750-CF41-4967-95CD-708B0D9E67A8}.Release|Any CPU.ActiveCfg = Release|Any CPU
		{B8206750-CF41-4967-95CD-708B0D9E67A8}.Release|Any CPU.Build.0 = Release|Any CPU
	EndGlobalSection
	GlobalSection(SolutionProperties) = preSolution
		HideSolutionNode = FALSE
	EndGlobalSection
	GlobalSection(ExtensibilityGlobals) = postSolution
		SolutionGuid = {E47D6562-1B64-4187-BFD2-07D723F749CF}
	EndGlobalSection
EndGlobal
